// !$*UTF8*$!
{
	archiveVersion = 1;
	classes = {
	};
	objectVersion = 51;
	objects = {

/* Begin PBXBuildFile section */
		047D7DC1233CDBEB004B4F17 /* URLRequest+Extensions.swift in Sources */ = {isa = PBXBuildFile; fileRef = 047D7DBE233CDBEB004B4F17 /* URLRequest+Extensions.swift */; };
		047D7DC2233CDBEB004B4F17 /* WebServiceProtocol.swift in Sources */ = {isa = PBXBuildFile; fileRef = 047D7DBF233CDBEB004B4F17 /* WebServiceProtocol.swift */; };
		047D7DC3233CDBEB004B4F17 /* WebService.swift in Sources */ = {isa = PBXBuildFile; fileRef = 047D7DC0233CDBEB004B4F17 /* WebService.swift */; };
		047D7DDE233CE569004B4F17 /* URL+Extensions.swift in Sources */ = {isa = PBXBuildFile; fileRef = 047D7DDD233CE569004B4F17 /* URL+Extensions.swift */; };
		0480BAE5233E0C670070375B /* .swiftlint.yml in Resources */ = {isa = PBXBuildFile; fileRef = 0480BAE4233E0C670070375B /* .swiftlint.yml */; };
		0480BB07233E0D500070375B /* source-sans-pro.regular.ttf in Resources */ = {isa = PBXBuildFile; fileRef = 0480BAEF233E0D500070375B /* source-sans-pro.regular.ttf */; };
		0480BB08233E0D500070375B /* source-sans-pro.light.ttf in Resources */ = {isa = PBXBuildFile; fileRef = 0480BAF0233E0D500070375B /* source-sans-pro.light.ttf */; };
		0480BB09233E0D500070375B /* source-sans-pro.bold.ttf in Resources */ = {isa = PBXBuildFile; fileRef = 0480BAF1233E0D500070375B /* source-sans-pro.bold.ttf */; };
		0480BB37233E0F7D0070375B /* ConnectedBusiness.swift in Sources */ = {isa = PBXBuildFile; fileRef = 0480BB23233E0F7C0070375B /* ConnectedBusiness.swift */; };
		0480BB38233E0F7D0070375B /* JobsList.swift in Sources */ = {isa = PBXBuildFile; fileRef = 0480BB24233E0F7C0070375B /* JobsList.swift */; };
		0480BB39233E0F7D0070375B /* JobModel.swift in Sources */ = {isa = PBXBuildFile; fileRef = 0480BB25233E0F7C0070375B /* JobModel.swift */; };
		04C9757E233EC9CF005224EB /* GetJobsHandlerProtocol.swift in Sources */ = {isa = PBXBuildFile; fileRef = 04C9757C233EC9CF005224EB /* GetJobsHandlerProtocol.swift */; };
		04C9757F233EC9CF005224EB /* GetJobsHandler.swift in Sources */ = {isa = PBXBuildFile; fileRef = 04C9757D233EC9CF005224EB /* GetJobsHandler.swift */; };
		04C97583233EC9E8005224EB /* TestError.swift in Sources */ = {isa = PBXBuildFile; fileRef = 04C97581233EC9E8005224EB /* TestError.swift */; };
		04C97584233EC9E8005224EB /* jobs.json in Resources */ = {isa = PBXBuildFile; fileRef = 04C97582233EC9E8005224EB /* jobs.json */; };
		04C97589233EC9FD005224EB /* GetJobsHandlerTests.swift in Sources */ = {isa = PBXBuildFile; fileRef = 04C97586233EC9FD005224EB /* GetJobsHandlerTests.swift */; };
		04C9758A233EC9FD005224EB /* GeneratedMocks.swift in Sources */ = {isa = PBXBuildFile; fileRef = 04C97587233EC9FD005224EB /* GeneratedMocks.swift */; };
		04C9758B233EC9FD005224EB /* MockData.swift in Sources */ = {isa = PBXBuildFile; fileRef = 04C97588233EC9FD005224EB /* MockData.swift */; };
		04C975A0233ECE4C005224EB /* JobsListViewModel.swift in Sources */ = {isa = PBXBuildFile; fileRef = 04C9758F233ECE4C005224EB /* JobsListViewModel.swift */; };
		04C975B0233ECE5C005224EB /* JobsListViewModelTests.swift in Sources */ = {isa = PBXBuildFile; fileRef = 04C975AF233ECE5C005224EB /* JobsListViewModelTests.swift */; };
		04C975B2233ED46F005224EB /* SegmentModel.swift in Sources */ = {isa = PBXBuildFile; fileRef = 04C975B1233ED46F005224EB /* SegmentModel.swift */; };
		04F06591233CCFC6006F8B77 /* AppDelegate.swift in Sources */ = {isa = PBXBuildFile; fileRef = 04F06590233CCFC6006F8B77 /* AppDelegate.swift */; };
		04F06593233CCFC6006F8B77 /* ViewController.swift in Sources */ = {isa = PBXBuildFile; fileRef = 04F06592233CCFC6006F8B77 /* ViewController.swift */; };
		04F06596233CCFC6006F8B77 /* Main.storyboard in Resources */ = {isa = PBXBuildFile; fileRef = 04F06594233CCFC6006F8B77 /* Main.storyboard */; };
		04F06599233CCFC6006F8B77 /* OpenJobs.xcdatamodeld in Sources */ = {isa = PBXBuildFile; fileRef = 04F06597233CCFC6006F8B77 /* OpenJobs.xcdatamodeld */; };
		04F0659B233CCFC7006F8B77 /* Assets.xcassets in Resources */ = {isa = PBXBuildFile; fileRef = 04F0659A233CCFC7006F8B77 /* Assets.xcassets */; };
		04F0659E233CCFC7006F8B77 /* LaunchScreen.storyboard in Resources */ = {isa = PBXBuildFile; fileRef = 04F0659C233CCFC7006F8B77 /* LaunchScreen.storyboard */; };
		04F065A9233CCFC7006F8B77 /* OpenJobsTests.swift in Sources */ = {isa = PBXBuildFile; fileRef = 04F065A8233CCFC7006F8B77 /* OpenJobsTests.swift */; };
		04F065B4233CCFC7006F8B77 /* OpenJobsUITests.swift in Sources */ = {isa = PBXBuildFile; fileRef = 04F065B3233CCFC7006F8B77 /* OpenJobsUITests.swift */; };
		33BB621E04AB70FC6DAD45B5 /* Pods_OpenJobs.framework in Frameworks */ = {isa = PBXBuildFile; fileRef = 211BB2C5E77BDA4E74739116 /* Pods_OpenJobs.framework */; };
		5C7D8032FBEDD932F3673835 /* Pods_OpenJobsTests.framework in Frameworks */ = {isa = PBXBuildFile; fileRef = 4720261BAEFF571746DDE2AE /* Pods_OpenJobsTests.framework */; };
		F8818667CB2F4F750BBC72DD /* Pods_OpenJobsUITests.framework in Frameworks */ = {isa = PBXBuildFile; fileRef = 2F3B2FEA7DF777CDAC522BC7 /* Pods_OpenJobsUITests.framework */; };
/* End PBXBuildFile section */

/* Begin PBXContainerItemProxy section */
		04F065A5233CCFC7006F8B77 /* PBXContainerItemProxy */ = {
			isa = PBXContainerItemProxy;
			containerPortal = 04F06585233CCFC6006F8B77 /* Project object */;
			proxyType = 1;
			remoteGlobalIDString = 04F0658C233CCFC6006F8B77;
			remoteInfo = OpenJobs;
		};
		04F065B0233CCFC7006F8B77 /* PBXContainerItemProxy */ = {
			isa = PBXContainerItemProxy;
			containerPortal = 04F06585233CCFC6006F8B77 /* Project object */;
			proxyType = 1;
			remoteGlobalIDString = 04F0658C233CCFC6006F8B77;
			remoteInfo = OpenJobs;
		};
/* End PBXContainerItemProxy section */

/* Begin PBXFileReference section */
		047D7DBE233CDBEB004B4F17 /* URLRequest+Extensions.swift */ = {isa = PBXFileReference; fileEncoding = 4; lastKnownFileType = sourcecode.swift; path = "URLRequest+Extensions.swift"; sourceTree = "<group>"; };
		047D7DBF233CDBEB004B4F17 /* WebServiceProtocol.swift */ = {isa = PBXFileReference; fileEncoding = 4; lastKnownFileType = sourcecode.swift; path = WebServiceProtocol.swift; sourceTree = "<group>"; };
		047D7DC0233CDBEB004B4F17 /* WebService.swift */ = {isa = PBXFileReference; fileEncoding = 4; lastKnownFileType = sourcecode.swift; path = WebService.swift; sourceTree = "<group>"; };
		047D7DDD233CE569004B4F17 /* URL+Extensions.swift */ = {isa = PBXFileReference; lastKnownFileType = sourcecode.swift; path = "URL+Extensions.swift"; sourceTree = "<group>"; };
		0480BAE4233E0C670070375B /* .swiftlint.yml */ = {isa = PBXFileReference; lastKnownFileType = text; path = .swiftlint.yml; sourceTree = "<group>"; };
		0480BAEF233E0D500070375B /* source-sans-pro.regular.ttf */ = {isa = PBXFileReference; lastKnownFileType = file; path = "source-sans-pro.regular.ttf"; sourceTree = "<group>"; };
		0480BAF0233E0D500070375B /* source-sans-pro.light.ttf */ = {isa = PBXFileReference; lastKnownFileType = file; path = "source-sans-pro.light.ttf"; sourceTree = "<group>"; };
		0480BAF1233E0D500070375B /* source-sans-pro.bold.ttf */ = {isa = PBXFileReference; lastKnownFileType = file; path = "source-sans-pro.bold.ttf"; sourceTree = "<group>"; };
		0480BB23233E0F7C0070375B /* ConnectedBusiness.swift */ = {isa = PBXFileReference; fileEncoding = 4; lastKnownFileType = sourcecode.swift; path = ConnectedBusiness.swift; sourceTree = "<group>"; };
		0480BB24233E0F7C0070375B /* JobsList.swift */ = {isa = PBXFileReference; fileEncoding = 4; lastKnownFileType = sourcecode.swift; path = JobsList.swift; sourceTree = "<group>"; };
		0480BB25233E0F7C0070375B /* JobModel.swift */ = {isa = PBXFileReference; fileEncoding = 4; lastKnownFileType = sourcecode.swift; path = JobModel.swift; sourceTree = "<group>"; };
		04C9757C233EC9CF005224EB /* GetJobsHandlerProtocol.swift */ = {isa = PBXFileReference; fileEncoding = 4; lastKnownFileType = sourcecode.swift; path = GetJobsHandlerProtocol.swift; sourceTree = "<group>"; };
		04C9757D233EC9CF005224EB /* GetJobsHandler.swift */ = {isa = PBXFileReference; fileEncoding = 4; lastKnownFileType = sourcecode.swift; path = GetJobsHandler.swift; sourceTree = "<group>"; };
		04C97581233EC9E8005224EB /* TestError.swift */ = {isa = PBXFileReference; fileEncoding = 4; lastKnownFileType = sourcecode.swift; path = TestError.swift; sourceTree = "<group>"; };
		04C97582233EC9E8005224EB /* jobs.json */ = {isa = PBXFileReference; fileEncoding = 4; lastKnownFileType = text.json; path = jobs.json; sourceTree = "<group>"; };
		04C97586233EC9FD005224EB /* GetJobsHandlerTests.swift */ = {isa = PBXFileReference; fileEncoding = 4; lastKnownFileType = sourcecode.swift; path = GetJobsHandlerTests.swift; sourceTree = "<group>"; };
		04C97587233EC9FD005224EB /* GeneratedMocks.swift */ = {isa = PBXFileReference; fileEncoding = 4; lastKnownFileType = sourcecode.swift; path = GeneratedMocks.swift; sourceTree = "<group>"; };
		04C97588233EC9FD005224EB /* MockData.swift */ = {isa = PBXFileReference; fileEncoding = 4; lastKnownFileType = sourcecode.swift; path = MockData.swift; sourceTree = "<group>"; };
		04C9758F233ECE4C005224EB /* JobsListViewModel.swift */ = {isa = PBXFileReference; fileEncoding = 4; lastKnownFileType = sourcecode.swift; path = JobsListViewModel.swift; sourceTree = "<group>"; };
		04C975AF233ECE5C005224EB /* JobsListViewModelTests.swift */ = {isa = PBXFileReference; fileEncoding = 4; lastKnownFileType = sourcecode.swift; path = JobsListViewModelTests.swift; sourceTree = "<group>"; };
		04C975B1233ED46F005224EB /* SegmentModel.swift */ = {isa = PBXFileReference; lastKnownFileType = sourcecode.swift; path = SegmentModel.swift; sourceTree = "<group>"; };
		04F0658D233CCFC6006F8B77 /* OpenJobs.app */ = {isa = PBXFileReference; explicitFileType = wrapper.application; includeInIndex = 0; path = OpenJobs.app; sourceTree = BUILT_PRODUCTS_DIR; };
		04F06590233CCFC6006F8B77 /* AppDelegate.swift */ = {isa = PBXFileReference; lastKnownFileType = sourcecode.swift; path = AppDelegate.swift; sourceTree = "<group>"; };
		04F06592233CCFC6006F8B77 /* ViewController.swift */ = {isa = PBXFileReference; lastKnownFileType = sourcecode.swift; path = ViewController.swift; sourceTree = "<group>"; };
		04F06595233CCFC6006F8B77 /* Base */ = {isa = PBXFileReference; lastKnownFileType = file.storyboard; name = Base; path = Base.lproj/Main.storyboard; sourceTree = "<group>"; };
		04F06598233CCFC6006F8B77 /* OpenJobs.xcdatamodel */ = {isa = PBXFileReference; lastKnownFileType = wrapper.xcdatamodel; path = OpenJobs.xcdatamodel; sourceTree = "<group>"; };
		04F0659A233CCFC7006F8B77 /* Assets.xcassets */ = {isa = PBXFileReference; lastKnownFileType = folder.assetcatalog; path = Assets.xcassets; sourceTree = "<group>"; };
		04F0659D233CCFC7006F8B77 /* Base */ = {isa = PBXFileReference; lastKnownFileType = file.storyboard; name = Base; path = Base.lproj/LaunchScreen.storyboard; sourceTree = "<group>"; };
		04F0659F233CCFC7006F8B77 /* Info.plist */ = {isa = PBXFileReference; lastKnownFileType = text.plist.xml; path = Info.plist; sourceTree = "<group>"; };
		04F065A4233CCFC7006F8B77 /* OpenJobsTests.xctest */ = {isa = PBXFileReference; explicitFileType = wrapper.cfbundle; includeInIndex = 0; path = OpenJobsTests.xctest; sourceTree = BUILT_PRODUCTS_DIR; };
		04F065A8233CCFC7006F8B77 /* OpenJobsTests.swift */ = {isa = PBXFileReference; lastKnownFileType = sourcecode.swift; path = OpenJobsTests.swift; sourceTree = "<group>"; };
		04F065AA233CCFC7006F8B77 /* Info.plist */ = {isa = PBXFileReference; lastKnownFileType = text.plist.xml; path = Info.plist; sourceTree = "<group>"; };
		04F065AF233CCFC7006F8B77 /* OpenJobsUITests.xctest */ = {isa = PBXFileReference; explicitFileType = wrapper.cfbundle; includeInIndex = 0; path = OpenJobsUITests.xctest; sourceTree = BUILT_PRODUCTS_DIR; };
		04F065B3233CCFC7006F8B77 /* OpenJobsUITests.swift */ = {isa = PBXFileReference; lastKnownFileType = sourcecode.swift; path = OpenJobsUITests.swift; sourceTree = "<group>"; };
		04F065B5233CCFC7006F8B77 /* Info.plist */ = {isa = PBXFileReference; lastKnownFileType = text.plist.xml; path = Info.plist; sourceTree = "<group>"; };
		0C3C58EAADC74DD0598757E6 /* Pods-OpenJobs.debug.xcconfig */ = {isa = PBXFileReference; includeInIndex = 1; lastKnownFileType = text.xcconfig; name = "Pods-OpenJobs.debug.xcconfig"; path = "Target Support Files/Pods-OpenJobs/Pods-OpenJobs.debug.xcconfig"; sourceTree = "<group>"; };
		0F8579C4628D163D7B7BE617 /* Pods-OpenJobs.release.xcconfig */ = {isa = PBXFileReference; includeInIndex = 1; lastKnownFileType = text.xcconfig; name = "Pods-OpenJobs.release.xcconfig"; path = "Target Support Files/Pods-OpenJobs/Pods-OpenJobs.release.xcconfig"; sourceTree = "<group>"; };
		211BB2C5E77BDA4E74739116 /* Pods_OpenJobs.framework */ = {isa = PBXFileReference; explicitFileType = wrapper.framework; includeInIndex = 0; path = Pods_OpenJobs.framework; sourceTree = BUILT_PRODUCTS_DIR; };
		2717E08F7310747FBDA44EF0 /* Pods-OpenJobsUITests.debug.xcconfig */ = {isa = PBXFileReference; includeInIndex = 1; lastKnownFileType = text.xcconfig; name = "Pods-OpenJobsUITests.debug.xcconfig"; path = "Target Support Files/Pods-OpenJobsUITests/Pods-OpenJobsUITests.debug.xcconfig"; sourceTree = "<group>"; };
		2F3B2FEA7DF777CDAC522BC7 /* Pods_OpenJobsUITests.framework */ = {isa = PBXFileReference; explicitFileType = wrapper.framework; includeInIndex = 0; path = Pods_OpenJobsUITests.framework; sourceTree = BUILT_PRODUCTS_DIR; };
		4720261BAEFF571746DDE2AE /* Pods_OpenJobsTests.framework */ = {isa = PBXFileReference; explicitFileType = wrapper.framework; includeInIndex = 0; path = Pods_OpenJobsTests.framework; sourceTree = BUILT_PRODUCTS_DIR; };
		58F30A1FFD7DD7B7C0E4C346 /* Pods-OpenJobsTests.debug.xcconfig */ = {isa = PBXFileReference; includeInIndex = 1; lastKnownFileType = text.xcconfig; name = "Pods-OpenJobsTests.debug.xcconfig"; path = "Target Support Files/Pods-OpenJobsTests/Pods-OpenJobsTests.debug.xcconfig"; sourceTree = "<group>"; };
		6F9C5384370A19BE0DCEA3BC /* Pods-OpenJobsTests.release.xcconfig */ = {isa = PBXFileReference; includeInIndex = 1; lastKnownFileType = text.xcconfig; name = "Pods-OpenJobsTests.release.xcconfig"; path = "Target Support Files/Pods-OpenJobsTests/Pods-OpenJobsTests.release.xcconfig"; sourceTree = "<group>"; };
		AF48FCD59A55BC046A61B09A /* Pods-OpenJobsUITests.release.xcconfig */ = {isa = PBXFileReference; includeInIndex = 1; lastKnownFileType = text.xcconfig; name = "Pods-OpenJobsUITests.release.xcconfig"; path = "Target Support Files/Pods-OpenJobsUITests/Pods-OpenJobsUITests.release.xcconfig"; sourceTree = "<group>"; };
/* End PBXFileReference section */

/* Begin PBXFrameworksBuildPhase section */
		04F0658A233CCFC6006F8B77 /* Frameworks */ = {
			isa = PBXFrameworksBuildPhase;
			buildActionMask = 2147483647;
			files = (
				33BB621E04AB70FC6DAD45B5 /* Pods_OpenJobs.framework in Frameworks */,
			);
			runOnlyForDeploymentPostprocessing = 0;
		};
		04F065A1233CCFC7006F8B77 /* Frameworks */ = {
			isa = PBXFrameworksBuildPhase;
			buildActionMask = 2147483647;
			files = (
				5C7D8032FBEDD932F3673835 /* Pods_OpenJobsTests.framework in Frameworks */,
			);
			runOnlyForDeploymentPostprocessing = 0;
		};
		04F065AC233CCFC7006F8B77 /* Frameworks */ = {
			isa = PBXFrameworksBuildPhase;
			buildActionMask = 2147483647;
			files = (
				F8818667CB2F4F750BBC72DD /* Pods_OpenJobsUITests.framework in Frameworks */,
			);
			runOnlyForDeploymentPostprocessing = 0;
		};
/* End PBXFrameworksBuildPhase section */

/* Begin PBXGroup section */
		047D7DBD233CDBEB004B4F17 /* Networking */ = {
			isa = PBXGroup;
			children = (
				047D7DBE233CDBEB004B4F17 /* URLRequest+Extensions.swift */,
				047D7DBF233CDBEB004B4F17 /* WebServiceProtocol.swift */,
				047D7DC0233CDBEB004B4F17 /* WebService.swift */,
				047D7DDD233CE569004B4F17 /* URL+Extensions.swift */,
			);
			path = Networking;
			sourceTree = "<group>";
		};
		0480BAED233E0D500070375B /* Resources */ = {
			isa = PBXGroup;
			children = (
				0480BAEE233E0D500070375B /* Fonts */,
			);
			path = Resources;
			sourceTree = "<group>";
		};
		0480BAEE233E0D500070375B /* Fonts */ = {
			isa = PBXGroup;
			children = (
				0480BAEF233E0D500070375B /* source-sans-pro.regular.ttf */,
				0480BAF0233E0D500070375B /* source-sans-pro.light.ttf */,
				0480BAF1233E0D500070375B /* source-sans-pro.bold.ttf */,
			);
			path = Fonts;
			sourceTree = "<group>";
		};
		0480BB22233E0F7C0070375B /* Models */ = {
			isa = PBXGroup;
			children = (
				0480BB24233E0F7C0070375B /* JobsList.swift */,
				0480BB25233E0F7C0070375B /* JobModel.swift */,
				0480BB23233E0F7C0070375B /* ConnectedBusiness.swift */,
				04C975B1233ED46F005224EB /* SegmentModel.swift */,
			);
			path = Models;
			sourceTree = "<group>";
		};
		04C9757B233EC9CF005224EB /* APIWrappers */ = {
			isa = PBXGroup;
			children = (
				04C9757C233EC9CF005224EB /* GetJobsHandlerProtocol.swift */,
				04C9757D233EC9CF005224EB /* GetJobsHandler.swift */,
			);
			path = APIWrappers;
			sourceTree = "<group>";
		};
		04C97580233EC9E8005224EB /* MockResources */ = {
			isa = PBXGroup;
			children = (
				04C97588233EC9FD005224EB /* MockData.swift */,
				04C97581233EC9E8005224EB /* TestError.swift */,
				04C97582233EC9E8005224EB /* jobs.json */,
			);
			path = MockResources;
			sourceTree = "<group>";
		};
		04C9758E233ECE4C005224EB /* ViewModel */ = {
			isa = PBXGroup;
			children = (
				04C9758F233ECE4C005224EB /* JobsListViewModel.swift */,
			);
			path = ViewModel;
			sourceTree = "<group>";
		};
		04F06584233CCFC6006F8B77 = {
			isa = PBXGroup;
			children = (
				0480BAE4233E0C670070375B /* .swiftlint.yml */,
				04F0658F233CCFC6006F8B77 /* OpenJobs */,
				04F065A7233CCFC7006F8B77 /* OpenJobsTests */,
				04F065B2233CCFC7006F8B77 /* OpenJobsUITests */,
				04F0658E233CCFC6006F8B77 /* Products */,
				1BA4EA2545F01FE3AAA513A4 /* Pods */,
				9CD490425D03084D6E5112E0 /* Frameworks */,
			);
			sourceTree = "<group>";
		};
		04F0658E233CCFC6006F8B77 /* Products */ = {
			isa = PBXGroup;
			children = (
				04F0658D233CCFC6006F8B77 /* OpenJobs.app */,
				04F065A4233CCFC7006F8B77 /* OpenJobsTests.xctest */,
				04F065AF233CCFC7006F8B77 /* OpenJobsUITests.xctest */,
			);
			name = Products;
			sourceTree = "<group>";
		};
		04F0658F233CCFC6006F8B77 /* OpenJobs */ = {
			isa = PBXGroup;
			children = (
				0480BAED233E0D500070375B /* Resources */,
				047D7DBD233CDBEB004B4F17 /* Networking */,
				04C9757B233EC9CF005224EB /* APIWrappers */,
				0480BB22233E0F7C0070375B /* Models */,
				04C9758E233ECE4C005224EB /* ViewModel */,
				04F06590233CCFC6006F8B77 /* AppDelegate.swift */,
				04F06592233CCFC6006F8B77 /* ViewController.swift */,
				04F06594233CCFC6006F8B77 /* Main.storyboard */,
				04F0659A233CCFC7006F8B77 /* Assets.xcassets */,
				04F0659C233CCFC7006F8B77 /* LaunchScreen.storyboard */,
				04F0659F233CCFC7006F8B77 /* Info.plist */,
				04F06597233CCFC6006F8B77 /* OpenJobs.xcdatamodeld */,
			);
			path = OpenJobs;
			sourceTree = "<group>";
		};
		04F065A7233CCFC7006F8B77 /* OpenJobsTests */ = {
			isa = PBXGroup;
			children = (
				04C97580233EC9E8005224EB /* MockResources */,
				04C97587233EC9FD005224EB /* GeneratedMocks.swift */,
				04C97586233EC9FD005224EB /* GetJobsHandlerTests.swift */,
				04C975AF233ECE5C005224EB /* JobsListViewModelTests.swift */,
				04F065A8233CCFC7006F8B77 /* OpenJobsTests.swift */,
				04F065AA233CCFC7006F8B77 /* Info.plist */,
			);
			path = OpenJobsTests;
			sourceTree = "<group>";
		};
		04F065B2233CCFC7006F8B77 /* OpenJobsUITests */ = {
			isa = PBXGroup;
			children = (
				04F065B3233CCFC7006F8B77 /* OpenJobsUITests.swift */,
				04F065B5233CCFC7006F8B77 /* Info.plist */,
			);
			path = OpenJobsUITests;
			sourceTree = "<group>";
		};
		1BA4EA2545F01FE3AAA513A4 /* Pods */ = {
			isa = PBXGroup;
			children = (
				0C3C58EAADC74DD0598757E6 /* Pods-OpenJobs.debug.xcconfig */,
				0F8579C4628D163D7B7BE617 /* Pods-OpenJobs.release.xcconfig */,
				58F30A1FFD7DD7B7C0E4C346 /* Pods-OpenJobsTests.debug.xcconfig */,
				6F9C5384370A19BE0DCEA3BC /* Pods-OpenJobsTests.release.xcconfig */,
				2717E08F7310747FBDA44EF0 /* Pods-OpenJobsUITests.debug.xcconfig */,
				AF48FCD59A55BC046A61B09A /* Pods-OpenJobsUITests.release.xcconfig */,
			);
			path = Pods;
			sourceTree = "<group>";
		};
		9CD490425D03084D6E5112E0 /* Frameworks */ = {
			isa = PBXGroup;
			children = (
				211BB2C5E77BDA4E74739116 /* Pods_OpenJobs.framework */,
				4720261BAEFF571746DDE2AE /* Pods_OpenJobsTests.framework */,
				2F3B2FEA7DF777CDAC522BC7 /* Pods_OpenJobsUITests.framework */,
			);
			name = Frameworks;
			sourceTree = "<group>";
		};
/* End PBXGroup section */

/* Begin PBXNativeTarget section */
		04F0658C233CCFC6006F8B77 /* OpenJobs */ = {
			isa = PBXNativeTarget;
			buildConfigurationList = 04F065B8233CCFC7006F8B77 /* Build configuration list for PBXNativeTarget "OpenJobs" */;
			buildPhases = (
				5D69F10730B309282DCFBCE5 /* [CP] Check Pods Manifest.lock */,
				04F06589233CCFC6006F8B77 /* Sources */,
				04F0658A233CCFC6006F8B77 /* Frameworks */,
				04F0658B233CCFC6006F8B77 /* Resources */,
				B8E1142E30FF363344DFB82D /* [CP] Embed Pods Frameworks */,
				0480BB18233E0D8F0070375B /* Swiftlint Script */,
				0480BB45233E1BB90070375B /* Cuckoo Script */,
			);
			buildRules = (
			);
			dependencies = (
			);
			name = OpenJobs;
			productName = OpenJobs;
			productReference = 04F0658D233CCFC6006F8B77 /* OpenJobs.app */;
			productType = "com.apple.product-type.application";
		};
		04F065A3233CCFC7006F8B77 /* OpenJobsTests */ = {
			isa = PBXNativeTarget;
			buildConfigurationList = 04F065BB233CCFC7006F8B77 /* Build configuration list for PBXNativeTarget "OpenJobsTests" */;
			buildPhases = (
				A186F844B3CD312DBA34DB0F /* [CP] Check Pods Manifest.lock */,
				04F065A0233CCFC7006F8B77 /* Sources */,
				04F065A1233CCFC7006F8B77 /* Frameworks */,
				04F065A2233CCFC7006F8B77 /* Resources */,
				3A367D8AAD265202744CC113 /* [CP] Embed Pods Frameworks */,
			);
			buildRules = (
			);
			dependencies = (
				04F065A6233CCFC7006F8B77 /* PBXTargetDependency */,
			);
			name = OpenJobsTests;
			productName = OpenJobsTests;
			productReference = 04F065A4233CCFC7006F8B77 /* OpenJobsTests.xctest */;
			productType = "com.apple.product-type.bundle.unit-test";
		};
		04F065AE233CCFC7006F8B77 /* OpenJobsUITests */ = {
			isa = PBXNativeTarget;
			buildConfigurationList = 04F065BE233CCFC7006F8B77 /* Build configuration list for PBXNativeTarget "OpenJobsUITests" */;
			buildPhases = (
				34A6E94460E0D79B87C996B4 /* [CP] Check Pods Manifest.lock */,
				04F065AB233CCFC7006F8B77 /* Sources */,
				04F065AC233CCFC7006F8B77 /* Frameworks */,
				04F065AD233CCFC7006F8B77 /* Resources */,
				04C9758C233ECC74005224EB /* ShellScript */,
			);
			buildRules = (
			);
			dependencies = (
				04F065B1233CCFC7006F8B77 /* PBXTargetDependency */,
			);
			name = OpenJobsUITests;
			productName = OpenJobsUITests;
			productReference = 04F065AF233CCFC7006F8B77 /* OpenJobsUITests.xctest */;
			productType = "com.apple.product-type.bundle.ui-testing";
		};
/* End PBXNativeTarget section */

/* Begin PBXProject section */
		04F06585233CCFC6006F8B77 /* Project object */ = {
			isa = PBXProject;
			attributes = {
				LastSwiftUpdateCheck = 1030;
				LastUpgradeCheck = 1030;
				ORGANIZATIONNAME = "Nischal Hada";
				TargetAttributes = {
					04F0658C233CCFC6006F8B77 = {
						CreatedOnToolsVersion = 10.3;
					};
					04F065A3233CCFC7006F8B77 = {
						CreatedOnToolsVersion = 10.3;
						TestTargetID = 04F0658C233CCFC6006F8B77;
					};
					04F065AE233CCFC7006F8B77 = {
						CreatedOnToolsVersion = 10.3;
						TestTargetID = 04F0658C233CCFC6006F8B77;
					};
				};
			};
			buildConfigurationList = 04F06588233CCFC6006F8B77 /* Build configuration list for PBXProject "OpenJobs" */;
			compatibilityVersion = "Xcode 9.3";
			developmentRegion = en;
			hasScannedForEncodings = 0;
			knownRegions = (
				en,
				Base,
			);
			mainGroup = 04F06584233CCFC6006F8B77;
			productRefGroup = 04F0658E233CCFC6006F8B77 /* Products */;
			projectDirPath = "";
			projectRoot = "";
			targets = (
				04F0658C233CCFC6006F8B77 /* OpenJobs */,
				04F065A3233CCFC7006F8B77 /* OpenJobsTests */,
				04F065AE233CCFC7006F8B77 /* OpenJobsUITests */,
			);
		};
/* End PBXProject section */

/* Begin PBXResourcesBuildPhase section */
		04F0658B233CCFC6006F8B77 /* Resources */ = {
			isa = PBXResourcesBuildPhase;
			buildActionMask = 2147483647;
			files = (
				0480BB08233E0D500070375B /* source-sans-pro.light.ttf in Resources */,
				0480BAE5233E0C670070375B /* .swiftlint.yml in Resources */,
				0480BB09233E0D500070375B /* source-sans-pro.bold.ttf in Resources */,
				04F0659E233CCFC7006F8B77 /* LaunchScreen.storyboard in Resources */,
				04F0659B233CCFC7006F8B77 /* Assets.xcassets in Resources */,
				04F06596233CCFC6006F8B77 /* Main.storyboard in Resources */,
				0480BB07233E0D500070375B /* source-sans-pro.regular.ttf in Resources */,
			);
			runOnlyForDeploymentPostprocessing = 0;
		};
		04F065A2233CCFC7006F8B77 /* Resources */ = {
			isa = PBXResourcesBuildPhase;
			buildActionMask = 2147483647;
			files = (
				04C97584233EC9E8005224EB /* jobs.json in Resources */,
			);
			runOnlyForDeploymentPostprocessing = 0;
		};
		04F065AD233CCFC7006F8B77 /* Resources */ = {
			isa = PBXResourcesBuildPhase;
			buildActionMask = 2147483647;
			files = (
			);
			runOnlyForDeploymentPostprocessing = 0;
		};
/* End PBXResourcesBuildPhase section */

/* Begin PBXShellScriptBuildPhase section */
		0480BB18233E0D8F0070375B /* Swiftlint Script */ = {
			isa = PBXShellScriptBuildPhase;
			buildActionMask = 2147483647;
			files = (
			);
			inputFileListPaths = (
			);
			inputPaths = (
			);
			name = "Swiftlint Script";
			outputFileListPaths = (
			);
			outputPaths = (
			);
			runOnlyForDeploymentPostprocessing = 0;
			shellPath = /bin/sh;
			shellScript = "if which swiftlint >/dev/null; then\nswiftlint\nelse\necho \"warning: SwiftLint not installed, download from https://github.com/realm/SwiftLint\"\nfi\n";
		};
		0480BB45233E1BB90070375B /* Cuckoo Script */ = {
			isa = PBXShellScriptBuildPhase;
			buildActionMask = 2147483647;
			files = (
			);
			inputFileListPaths = (
			);
			inputPaths = (
			);
			name = "Cuckoo Script";
			outputFileListPaths = (
			);
			outputPaths = (
			);
			runOnlyForDeploymentPostprocessing = 0;
			shellPath = /bin/sh;
			shellScript = "# Define output file. Change \"${PROJECT_DIR}/${PROJECT_NAME}Tests\" to your test's root source folder, if it's not the default name.\nOUTPUT_FILE=\"${PROJECT_DIR}/${PROJECT_NAME}Tests/GeneratedMocks.swift\"\necho \"Generated Mocks File = ${OUTPUT_FILE}\"\n\n# Define input directory. Change \"${PROJECT_DIR}/${PROJECT_NAME}\" to your project's root source folder, if it's not the default name.\nINPUT_DIR=\"${PROJECT_DIR}/${PROJECT_NAME}\"\necho \"Mocks Input Directory = ${INPUT_DIR}\"\n\n# Generate mock files, include as many input files as you'd like to create mocks for.\n\"${PODS_ROOT}/Cuckoo/run\" generate --testable \"${PROJECT_NAME}\" \\\n--output \"${OUTPUT_FILE}\" \\\n\"${INPUT_DIR}/Networking/WebServiceProtocol.swift\" \\\n\"${INPUT_DIR}/APIWrappers/GetJobsHandlerProtocol.swift\"\n\n# ... and so forth, the last line should never end with a backslash\n\n# After running once, locate `GeneratedMocks.swift` and drag it into your Xcode test target group.\n";
		};
		04C9758C233ECC74005224EB /* ShellScript */ = {
			isa = PBXShellScriptBuildPhase;
			buildActionMask = 2147483647;
			files = (
			);
			inputFileListPaths = (
			);
			inputPaths = (
			);
			outputFileListPaths = (
			);
			outputPaths = (
			);
			runOnlyForDeploymentPostprocessing = 0;
			shellPath = /bin/sh;
			shellScript = "\"${PODS_ROOT}/Target Support Files/Pods-OpenJobs/Pods-OpenJobs-frameworks.sh\"\n";
		};
		34A6E94460E0D79B87C996B4 /* [CP] Check Pods Manifest.lock */ = {
			isa = PBXShellScriptBuildPhase;
			buildActionMask = 2147483647;
			files = (
			);
			inputFileListPaths = (
			);
			inputPaths = (
				"${PODS_PODFILE_DIR_PATH}/Podfile.lock",
				"${PODS_ROOT}/Manifest.lock",
			);
			name = "[CP] Check Pods Manifest.lock";
			outputFileListPaths = (
			);
			outputPaths = (
				"$(DERIVED_FILE_DIR)/Pods-OpenJobsUITests-checkManifestLockResult.txt",
			);
			runOnlyForDeploymentPostprocessing = 0;
			shellPath = /bin/sh;
			shellScript = "diff \"${PODS_PODFILE_DIR_PATH}/Podfile.lock\" \"${PODS_ROOT}/Manifest.lock\" > /dev/null\nif [ $? != 0 ] ; then\n    # print error to STDERR\n    echo \"error: The sandbox is not in sync with the Podfile.lock. Run 'pod install' or update your CocoaPods installation.\" >&2\n    exit 1\nfi\n# This output is used by Xcode 'outputs' to avoid re-running this script phase.\necho \"SUCCESS\" > \"${SCRIPT_OUTPUT_FILE_0}\"\n";
			showEnvVarsInLog = 0;
		};
		3A367D8AAD265202744CC113 /* [CP] Embed Pods Frameworks */ = {
			isa = PBXShellScriptBuildPhase;
			buildActionMask = 2147483647;
			files = (
			);
			inputFileListPaths = (
				"${PODS_ROOT}/Target Support Files/Pods-OpenJobsTests/Pods-OpenJobsTests-frameworks-${CONFIGURATION}-input-files.xcfilelist",
			);
			name = "[CP] Embed Pods Frameworks";
			outputFileListPaths = (
				"${PODS_ROOT}/Target Support Files/Pods-OpenJobsTests/Pods-OpenJobsTests-frameworks-${CONFIGURATION}-output-files.xcfilelist",
			);
			runOnlyForDeploymentPostprocessing = 0;
			shellPath = /bin/sh;
			shellScript = "\"${PODS_ROOT}/Target Support Files/Pods-OpenJobsTests/Pods-OpenJobsTests-frameworks.sh\"\n";
			showEnvVarsInLog = 0;
		};
		5D69F10730B309282DCFBCE5 /* [CP] Check Pods Manifest.lock */ = {
			isa = PBXShellScriptBuildPhase;
			buildActionMask = 2147483647;
			files = (
			);
			inputFileListPaths = (
			);
			inputPaths = (
				"${PODS_PODFILE_DIR_PATH}/Podfile.lock",
				"${PODS_ROOT}/Manifest.lock",
			);
			name = "[CP] Check Pods Manifest.lock";
			outputFileListPaths = (
			);
			outputPaths = (
				"$(DERIVED_FILE_DIR)/Pods-OpenJobs-checkManifestLockResult.txt",
			);
			runOnlyForDeploymentPostprocessing = 0;
			shellPath = /bin/sh;
			shellScript = "diff \"${PODS_PODFILE_DIR_PATH}/Podfile.lock\" \"${PODS_ROOT}/Manifest.lock\" > /dev/null\nif [ $? != 0 ] ; then\n    # print error to STDERR\n    echo \"error: The sandbox is not in sync with the Podfile.lock. Run 'pod install' or update your CocoaPods installation.\" >&2\n    exit 1\nfi\n# This output is used by Xcode 'outputs' to avoid re-running this script phase.\necho \"SUCCESS\" > \"${SCRIPT_OUTPUT_FILE_0}\"\n";
			showEnvVarsInLog = 0;
		};
		A186F844B3CD312DBA34DB0F /* [CP] Check Pods Manifest.lock */ = {
			isa = PBXShellScriptBuildPhase;
			buildActionMask = 2147483647;
			files = (
			);
			inputFileListPaths = (
			);
			inputPaths = (
				"${PODS_PODFILE_DIR_PATH}/Podfile.lock",
				"${PODS_ROOT}/Manifest.lock",
			);
			name = "[CP] Check Pods Manifest.lock";
			outputFileListPaths = (
			);
			outputPaths = (
				"$(DERIVED_FILE_DIR)/Pods-OpenJobsTests-checkManifestLockResult.txt",
			);
			runOnlyForDeploymentPostprocessing = 0;
			shellPath = /bin/sh;
			shellScript = "diff \"${PODS_PODFILE_DIR_PATH}/Podfile.lock\" \"${PODS_ROOT}/Manifest.lock\" > /dev/null\nif [ $? != 0 ] ; then\n    # print error to STDERR\n    echo \"error: The sandbox is not in sync with the Podfile.lock. Run 'pod install' or update your CocoaPods installation.\" >&2\n    exit 1\nfi\n# This output is used by Xcode 'outputs' to avoid re-running this script phase.\necho \"SUCCESS\" > \"${SCRIPT_OUTPUT_FILE_0}\"\n";
			showEnvVarsInLog = 0;
		};
		B8E1142E30FF363344DFB82D /* [CP] Embed Pods Frameworks */ = {
			isa = PBXShellScriptBuildPhase;
			buildActionMask = 2147483647;
			files = (
			);
			inputFileListPaths = (
				"${PODS_ROOT}/Target Support Files/Pods-OpenJobs/Pods-OpenJobs-frameworks-${CONFIGURATION}-input-files.xcfilelist",
			);
			name = "[CP] Embed Pods Frameworks";
			outputFileListPaths = (
				"${PODS_ROOT}/Target Support Files/Pods-OpenJobs/Pods-OpenJobs-frameworks-${CONFIGURATION}-output-files.xcfilelist",
			);
			runOnlyForDeploymentPostprocessing = 0;
			shellPath = /bin/sh;
			shellScript = "\"${PODS_ROOT}/Target Support Files/Pods-OpenJobs/Pods-OpenJobs-frameworks.sh\"\n";
			showEnvVarsInLog = 0;
		};
/* End PBXShellScriptBuildPhase section */

/* Begin PBXSourcesBuildPhase section */
		04F06589233CCFC6006F8B77 /* Sources */ = {
			isa = PBXSourcesBuildPhase;
			buildActionMask = 2147483647;
			files = (
				04C975A0233ECE4C005224EB /* JobsListViewModel.swift in Sources */,
				047D7DDE233CE569004B4F17 /* URL+Extensions.swift in Sources */,
				04C975B2233ED46F005224EB /* SegmentModel.swift in Sources */,
				047D7DC3233CDBEB004B4F17 /* WebService.swift in Sources */,
				04F06599233CCFC6006F8B77 /* OpenJobs.xcdatamodeld in Sources */,
				047D7DC2233CDBEB004B4F17 /* WebServiceProtocol.swift in Sources */,
				047D7DC1233CDBEB004B4F17 /* URLRequest+Extensions.swift in Sources */,
				0480BB38233E0F7D0070375B /* JobsList.swift in Sources */,
				0480BB37233E0F7D0070375B /* ConnectedBusiness.swift in Sources */,
				04F06593233CCFC6006F8B77 /* ViewController.swift in Sources */,
				04F06591233CCFC6006F8B77 /* AppDelegate.swift in Sources */,
				04C9757E233EC9CF005224EB /* GetJobsHandlerProtocol.swift in Sources */,
				0480BB39233E0F7D0070375B /* JobModel.swift in Sources */,
				04C9757F233EC9CF005224EB /* GetJobsHandler.swift in Sources */,
			);
			runOnlyForDeploymentPostprocessing = 0;
		};
		04F065A0233CCFC7006F8B77 /* Sources */ = {
			isa = PBXSourcesBuildPhase;
			buildActionMask = 2147483647;
			files = (
				04C975B0233ECE5C005224EB /* JobsListViewModelTests.swift in Sources */,
				04C97589233EC9FD005224EB /* GetJobsHandlerTests.swift in Sources */,
				04C97583233EC9E8005224EB /* TestError.swift in Sources */,
				04F065A9233CCFC7006F8B77 /* OpenJobsTests.swift in Sources */,
				04C9758A233EC9FD005224EB /* GeneratedMocks.swift in Sources */,
				04C9758B233EC9FD005224EB /* MockData.swift in Sources */,
			);
			runOnlyForDeploymentPostprocessing = 0;
		};
		04F065AB233CCFC7006F8B77 /* Sources */ = {
			isa = PBXSourcesBuildPhase;
			buildActionMask = 2147483647;
			files = (
				04F065B4233CCFC7006F8B77 /* OpenJobsUITests.swift in Sources */,
			);
			runOnlyForDeploymentPostprocessing = 0;
		};
/* End PBXSourcesBuildPhase section */

/* Begin PBXTargetDependency section */
		04F065A6233CCFC7006F8B77 /* PBXTargetDependency */ = {
			isa = PBXTargetDependency;
			target = 04F0658C233CCFC6006F8B77 /* OpenJobs */;
			targetProxy = 04F065A5233CCFC7006F8B77 /* PBXContainerItemProxy */;
		};
		04F065B1233CCFC7006F8B77 /* PBXTargetDependency */ = {
			isa = PBXTargetDependency;
			target = 04F0658C233CCFC6006F8B77 /* OpenJobs */;
			targetProxy = 04F065B0233CCFC7006F8B77 /* PBXContainerItemProxy */;
		};
/* End PBXTargetDependency section */

/* Begin PBXVariantGroup section */
		04F06594233CCFC6006F8B77 /* Main.storyboard */ = {
			isa = PBXVariantGroup;
			children = (
				04F06595233CCFC6006F8B77 /* Base */,
			);
			name = Main.storyboard;
			sourceTree = "<group>";
		};
		04F0659C233CCFC7006F8B77 /* LaunchScreen.storyboard */ = {
			isa = PBXVariantGroup;
			children = (
				04F0659D233CCFC7006F8B77 /* Base */,
			);
			name = LaunchScreen.storyboard;
			sourceTree = "<group>";
		};
/* End PBXVariantGroup section */

/* Begin XCBuildConfiguration section */
		04F065B6233CCFC7006F8B77 /* Debug */ = {
			isa = XCBuildConfiguration;
			buildSettings = {
				ALWAYS_SEARCH_USER_PATHS = NO;
				CLANG_ANALYZER_NONNULL = YES;
				CLANG_ANALYZER_NUMBER_OBJECT_CONVERSION = YES_AGGRESSIVE;
				CLANG_CXX_LANGUAGE_STANDARD = "gnu++14";
				CLANG_CXX_LIBRARY = "libc++";
				CLANG_ENABLE_MODULES = YES;
				CLANG_ENABLE_OBJC_ARC = YES;
				CLANG_ENABLE_OBJC_WEAK = YES;
				CLANG_WARN_BLOCK_CAPTURE_AUTORELEASING = YES;
				CLANG_WARN_BOOL_CONVERSION = YES;
				CLANG_WARN_COMMA = YES;
				CLANG_WARN_CONSTANT_CONVERSION = YES;
				CLANG_WARN_DEPRECATED_OBJC_IMPLEMENTATIONS = YES;
				CLANG_WARN_DIRECT_OBJC_ISA_USAGE = YES_ERROR;
				CLANG_WARN_DOCUMENTATION_COMMENTS = YES;
				CLANG_WARN_EMPTY_BODY = YES;
				CLANG_WARN_ENUM_CONVERSION = YES;
				CLANG_WARN_INFINITE_RECURSION = YES;
				CLANG_WARN_INT_CONVERSION = YES;
				CLANG_WARN_NON_LITERAL_NULL_CONVERSION = YES;
				CLANG_WARN_OBJC_IMPLICIT_RETAIN_SELF = YES;
				CLANG_WARN_OBJC_LITERAL_CONVERSION = YES;
				CLANG_WARN_OBJC_ROOT_CLASS = YES_ERROR;
				CLANG_WARN_RANGE_LOOP_ANALYSIS = YES;
				CLANG_WARN_STRICT_PROTOTYPES = YES;
				CLANG_WARN_SUSPICIOUS_MOVE = YES;
				CLANG_WARN_UNGUARDED_AVAILABILITY = YES_AGGRESSIVE;
				CLANG_WARN_UNREACHABLE_CODE = YES;
				CLANG_WARN__DUPLICATE_METHOD_MATCH = YES;
				CODE_SIGN_IDENTITY = "iPhone Developer";
				COPY_PHASE_STRIP = NO;
				DEBUG_INFORMATION_FORMAT = dwarf;
				ENABLE_STRICT_OBJC_MSGSEND = YES;
				ENABLE_TESTABILITY = YES;
				GCC_C_LANGUAGE_STANDARD = gnu11;
				GCC_DYNAMIC_NO_PIC = NO;
				GCC_NO_COMMON_BLOCKS = YES;
				GCC_OPTIMIZATION_LEVEL = 0;
				GCC_PREPROCESSOR_DEFINITIONS = (
					"DEBUG=1",
					"$(inherited)",
				);
				GCC_WARN_64_TO_32_BIT_CONVERSION = YES;
				GCC_WARN_ABOUT_RETURN_TYPE = YES_ERROR;
				GCC_WARN_UNDECLARED_SELECTOR = YES;
				GCC_WARN_UNINITIALIZED_AUTOS = YES_AGGRESSIVE;
				GCC_WARN_UNUSED_FUNCTION = YES;
				GCC_WARN_UNUSED_VARIABLE = YES;
				IPHONEOS_DEPLOYMENT_TARGET = 12.4;
				MTL_ENABLE_DEBUG_INFO = INCLUDE_SOURCE;
				MTL_FAST_MATH = YES;
				ONLY_ACTIVE_ARCH = YES;
				SDKROOT = iphoneos;
				SWIFT_ACTIVE_COMPILATION_CONDITIONS = DEBUG;
				SWIFT_OPTIMIZATION_LEVEL = "-Onone";
			};
			name = Debug;
		};
		04F065B7233CCFC7006F8B77 /* Release */ = {
			isa = XCBuildConfiguration;
			buildSettings = {
				ALWAYS_SEARCH_USER_PATHS = NO;
				CLANG_ANALYZER_NONNULL = YES;
				CLANG_ANALYZER_NUMBER_OBJECT_CONVERSION = YES_AGGRESSIVE;
				CLANG_CXX_LANGUAGE_STANDARD = "gnu++14";
				CLANG_CXX_LIBRARY = "libc++";
				CLANG_ENABLE_MODULES = YES;
				CLANG_ENABLE_OBJC_ARC = YES;
				CLANG_ENABLE_OBJC_WEAK = YES;
				CLANG_WARN_BLOCK_CAPTURE_AUTORELEASING = YES;
				CLANG_WARN_BOOL_CONVERSION = YES;
				CLANG_WARN_COMMA = YES;
				CLANG_WARN_CONSTANT_CONVERSION = YES;
				CLANG_WARN_DEPRECATED_OBJC_IMPLEMENTATIONS = YES;
				CLANG_WARN_DIRECT_OBJC_ISA_USAGE = YES_ERROR;
				CLANG_WARN_DOCUMENTATION_COMMENTS = YES;
				CLANG_WARN_EMPTY_BODY = YES;
				CLANG_WARN_ENUM_CONVERSION = YES;
				CLANG_WARN_INFINITE_RECURSION = YES;
				CLANG_WARN_INT_CONVERSION = YES;
				CLANG_WARN_NON_LITERAL_NULL_CONVERSION = YES;
				CLANG_WARN_OBJC_IMPLICIT_RETAIN_SELF = YES;
				CLANG_WARN_OBJC_LITERAL_CONVERSION = YES;
				CLANG_WARN_OBJC_ROOT_CLASS = YES_ERROR;
				CLANG_WARN_RANGE_LOOP_ANALYSIS = YES;
				CLANG_WARN_STRICT_PROTOTYPES = YES;
				CLANG_WARN_SUSPICIOUS_MOVE = YES;
				CLANG_WARN_UNGUARDED_AVAILABILITY = YES_AGGRESSIVE;
				CLANG_WARN_UNREACHABLE_CODE = YES;
				CLANG_WARN__DUPLICATE_METHOD_MATCH = YES;
				CODE_SIGN_IDENTITY = "iPhone Developer";
				COPY_PHASE_STRIP = NO;
				DEBUG_INFORMATION_FORMAT = "dwarf-with-dsym";
				ENABLE_NS_ASSERTIONS = NO;
				ENABLE_STRICT_OBJC_MSGSEND = YES;
				GCC_C_LANGUAGE_STANDARD = gnu11;
				GCC_NO_COMMON_BLOCKS = YES;
				GCC_WARN_64_TO_32_BIT_CONVERSION = YES;
				GCC_WARN_ABOUT_RETURN_TYPE = YES_ERROR;
				GCC_WARN_UNDECLARED_SELECTOR = YES;
				GCC_WARN_UNINITIALIZED_AUTOS = YES_AGGRESSIVE;
				GCC_WARN_UNUSED_FUNCTION = YES;
				GCC_WARN_UNUSED_VARIABLE = YES;
				IPHONEOS_DEPLOYMENT_TARGET = 12.4;
				MTL_ENABLE_DEBUG_INFO = NO;
				MTL_FAST_MATH = YES;
				SDKROOT = iphoneos;
				SWIFT_COMPILATION_MODE = wholemodule;
				SWIFT_OPTIMIZATION_LEVEL = "-O";
				VALIDATE_PRODUCT = YES;
			};
			name = Release;
		};
		04F065B9233CCFC7006F8B77 /* Debug */ = {
			isa = XCBuildConfiguration;
			baseConfigurationReference = 0C3C58EAADC74DD0598757E6 /* Pods-OpenJobs.debug.xcconfig */;
			buildSettings = {
				ASSETCATALOG_COMPILER_APPICON_NAME = AppIcon;
				CODE_SIGN_STYLE = Automatic;
				INFOPLIST_FILE = OpenJobs/Info.plist;
				LD_RUNPATH_SEARCH_PATHS = (
					"$(inherited)",
					"@executable_path/Frameworks",
				);
				PRODUCT_BUNDLE_IDENTIFIER = hadanischal.OpenJobs;
				PRODUCT_NAME = "$(TARGET_NAME)";
				SWIFT_VERSION = 5.0;
				TARGETED_DEVICE_FAMILY = "1,2";
			};
			name = Debug;
		};
		04F065BA233CCFC7006F8B77 /* Release */ = {
			isa = XCBuildConfiguration;
			baseConfigurationReference = 0F8579C4628D163D7B7BE617 /* Pods-OpenJobs.release.xcconfig */;
			buildSettings = {
				ASSETCATALOG_COMPILER_APPICON_NAME = AppIcon;
				CODE_SIGN_STYLE = Automatic;
				INFOPLIST_FILE = OpenJobs/Info.plist;
				LD_RUNPATH_SEARCH_PATHS = (
					"$(inherited)",
					"@executable_path/Frameworks",
				);
				PRODUCT_BUNDLE_IDENTIFIER = hadanischal.OpenJobs;
				PRODUCT_NAME = "$(TARGET_NAME)";
				SWIFT_VERSION = 5.0;
				TARGETED_DEVICE_FAMILY = "1,2";
			};
			name = Release;
		};
		04F065BC233CCFC7006F8B77 /* Debug */ = {
			isa = XCBuildConfiguration;
			baseConfigurationReference = 58F30A1FFD7DD7B7C0E4C346 /* Pods-OpenJobsTests.debug.xcconfig */;
			buildSettings = {
				ALWAYS_EMBED_SWIFT_STANDARD_LIBRARIES = YES;
				BUNDLE_LOADER = "$(TEST_HOST)";
				CODE_SIGN_STYLE = Automatic;
				INFOPLIST_FILE = OpenJobsTests/Info.plist;
				LD_RUNPATH_SEARCH_PATHS = (
					"$(inherited)",
					"@executable_path/Frameworks",
					"@loader_path/Frameworks",
				);
				PRODUCT_BUNDLE_IDENTIFIER = hadanischal.OpenJobsTests;
				PRODUCT_NAME = "$(TARGET_NAME)";
				SWIFT_VERSION = 5.0;
				TARGETED_DEVICE_FAMILY = "1,2";
				TEST_HOST = "$(BUILT_PRODUCTS_DIR)/OpenJobs.app/OpenJobs";
			};
			name = Debug;
		};
		04F065BD233CCFC7006F8B77 /* Release */ = {
			isa = XCBuildConfiguration;
			baseConfigurationReference = 6F9C5384370A19BE0DCEA3BC /* Pods-OpenJobsTests.release.xcconfig */;
			buildSettings = {
				ALWAYS_EMBED_SWIFT_STANDARD_LIBRARIES = YES;
				BUNDLE_LOADER = "$(TEST_HOST)";
				CODE_SIGN_STYLE = Automatic;
				INFOPLIST_FILE = OpenJobsTests/Info.plist;
				LD_RUNPATH_SEARCH_PATHS = (
					"$(inherited)",
					"@executable_path/Frameworks",
					"@loader_path/Frameworks",
				);
				PRODUCT_BUNDLE_IDENTIFIER = hadanischal.OpenJobsTests;
				PRODUCT_NAME = "$(TARGET_NAME)";
				SWIFT_VERSION = 5.0;
				TARGETED_DEVICE_FAMILY = "1,2";
				TEST_HOST = "$(BUILT_PRODUCTS_DIR)/OpenJobs.app/OpenJobs";
			};
			name = Release;
		};
		04F065BF233CCFC7006F8B77 /* Debug */ = {
			isa = XCBuildConfiguration;
			baseConfigurationReference = 2717E08F7310747FBDA44EF0 /* Pods-OpenJobsUITests.debug.xcconfig */;
			buildSettings = {
				ALWAYS_EMBED_SWIFT_STANDARD_LIBRARIES = YES;
				CODE_SIGN_STYLE = Automatic;
				INFOPLIST_FILE = OpenJobsUITests/Info.plist;
				LD_RUNPATH_SEARCH_PATHS = (
					"$(inherited)",
					"@executable_path/Frameworks",
					"@loader_path/Frameworks",
				);
				PRODUCT_BUNDLE_IDENTIFIER = hadanischal.OpenJobsUITests;
				PRODUCT_NAME = "$(TARGET_NAME)";
				SWIFT_VERSION = 5.0;
				TARGETED_DEVICE_FAMILY = "1,2";
				TEST_TARGET_NAME = OpenJobs;
			};
			name = Debug;
		};
		04F065C0233CCFC7006F8B77 /* Release */ = {
			isa = XCBuildConfiguration;
			baseConfigurationReference = AF48FCD59A55BC046A61B09A /* Pods-OpenJobsUITests.release.xcconfig */;
			buildSettings = {
				ALWAYS_EMBED_SWIFT_STANDARD_LIBRARIES = YES;
				CODE_SIGN_STYLE = Automatic;
				INFOPLIST_FILE = OpenJobsUITests/Info.plist;
				LD_RUNPATH_SEARCH_PATHS = (
					"$(inherited)",
					"@executable_path/Frameworks",
					"@loader_path/Frameworks",
				);
				PRODUCT_BUNDLE_IDENTIFIER = hadanischal.OpenJobsUITests;
				PRODUCT_NAME = "$(TARGET_NAME)";
				SWIFT_VERSION = 5.0;
				TARGETED_DEVICE_FAMILY = "1,2";
				TEST_TARGET_NAME = OpenJobs;
			};
			name = Release;
		};
/* End XCBuildConfiguration section */

/* Begin XCConfigurationList section */
		04F06588233CCFC6006F8B77 /* Build configuration list for PBXProject "OpenJobs" */ = {
			isa = XCConfigurationList;
			buildConfigurations = (
				04F065B6233CCFC7006F8B77 /* Debug */,
				04F065B7233CCFC7006F8B77 /* Release */,
			);
			defaultConfigurationIsVisible = 0;
			defaultConfigurationName = Release;
		};
		04F065B8233CCFC7006F8B77 /* Build configuration list for PBXNativeTarget "OpenJobs" */ = {
			isa = XCConfigurationList;
			buildConfigurations = (
				04F065B9233CCFC7006F8B77 /* Debug */,
				04F065BA233CCFC7006F8B77 /* Release */,
			);
			defaultConfigurationIsVisible = 0;
			defaultConfigurationName = Release;
		};
		04F065BB233CCFC7006F8B77 /* Build configuration list for PBXNativeTarget "OpenJobsTests" */ = {
			isa = XCConfigurationList;
			buildConfigurations = (
				04F065BC233CCFC7006F8B77 /* Debug */,
				04F065BD233CCFC7006F8B77 /* Release */,
			);
			defaultConfigurationIsVisible = 0;
			defaultConfigurationName = Release;
		};
		04F065BE233CCFC7006F8B77 /* Build configuration list for PBXNativeTarget "OpenJobsUITests" */ = {
			isa = XCConfigurationList;
			buildConfigurations = (
				04F065BF233CCFC7006F8B77 /* Debug */,
				04F065C0233CCFC7006F8B77 /* Release */,
			);
			defaultConfigurationIsVisible = 0;
			defaultConfigurationName = Release;
		};
/* End XCConfigurationList section */

/* Begin XCVersionGroup section */
		04F06597233CCFC6006F8B77 /* OpenJobs.xcdatamodeld */ = {
			isa = XCVersionGroup;
			children = (
				04F06598233CCFC6006F8B77 /* OpenJobs.xcdatamodel */,
			);
			currentVersion = 04F06598233CCFC6006F8B77 /* OpenJobs.xcdatamodel */;
			path = OpenJobs.xcdatamodeld;
			sourceTree = "<group>";
			versionGroupType = wrapper.xcdatamodel;
		};
/* End XCVersionGroup section */
	};
	rootObject = 04F06585233CCFC6006F8B77 /* Project object */;
}
